
Microsoft Visual Studio Solution File, Format Version 11.00
# Visual Studio 2010
Project("{FAE04EC0-301F-11D3-BF4B-00C04F79EFBC}") = "PuzzlePlatformer", "Assembly-CSharp-firstpass.csproj", "{FB5EA856-487B-B0DD-7405-FA821F7B2E11}"
EndProject
Project("{FAE04EC0-301F-11D3-BF4B-00C04F79EFBC}") = "PuzzlePlatformer", "Assembly-CSharp.csproj", "{8E9C2A51-0571-73EB-DDC3-E3CDD43F26E7}"
EndProject
Project("{FAE04EC0-301F-11D3-BF4B-00C04F79EFBC}") = "PuzzlePlatformer", "Assembly-CSharp-Editor-firstpass.csproj", "{CF48B8F3-9943-5F98-2440-7E8B4BF736AE}"
EndProject
Global
	GlobalSection(SolutionConfigurationPlatforms) = preSolution
		Debug|Any CPU = Debug|Any CPU
		Release|Any CPU = Release|Any CPU
	EndGlobalSection
	GlobalSection(ProjectConfigurationPlatforms) = postSolution
		{FB5EA856-487B-B0DD-7405-FA821F7B2E11}.Debug|Any CPU.ActiveCfg = Debug|Any CPU
		{FB5EA856-487B-B0DD-7405-FA821F7B2E11}.Debug|Any CPU.Build.0 = Debug|Any CPU
		{FB5EA856-487B-B0DD-7405-FA821F7B2E11}.Release|Any CPU.ActiveCfg = Release|Any CPU
		{FB5EA856-487B-B0DD-7405-FA821F7B2E11}.Release|Any CPU.Build.0 = Release|Any CPU
		{8E9C2A51-0571-73EB-DDC3-E3CDD43F26E7}.Debug|Any CPU.ActiveCfg = Debug|Any CPU
		{8E9C2A51-0571-73EB-DDC3-E3CDD43F26E7}.Debug|Any CPU.Build.0 = Debug|Any CPU
		{8E9C2A51-0571-73EB-DDC3-E3CDD43F26E7}.Release|Any CPU.ActiveCfg = Release|Any CPU
		{8E9C2A51-0571-73EB-DDC3-E3CDD43F26E7}.Release|Any CPU.Build.0 = Release|Any CPU
		{CF48B8F3-9943-5F98-2440-7E8B4BF736AE}.Debug|Any CPU.ActiveCfg = Debug|Any CPU
		{CF48B8F3-9943-5F98-2440-7E8B4BF736AE}.Debug|Any CPU.Build.0 = Debug|Any CPU
		{CF48B8F3-9943-5F98-2440-7E8B4BF736AE}.Release|Any CPU.ActiveCfg = Release|Any CPU
		{CF48B8F3-9943-5F98-2440-7E8B4BF736AE}.Release|Any CPU.Build.0 = Release|Any CPU
	EndGlobalSection
	GlobalSection(SolutionProperties) = preSolution
		HideSolutionNode = FALSE
	EndGlobalSection
	GlobalSection(MonoDevelopProperties) = preSolution
		StartupItem = Assembly-CSharp.csproj
	EndGlobalSection
EndGlobal
