
Microsoft Visual Studio Solution File, Format Version 12.00
# Visual Studio 2015
Project("{FAE04EC0-301F-11D3-BF4B-00C04F79EFBC}") = "PuzzlePlatformer.CSharp.Plugins", "PuzzlePlatformer.CSharp.Plugins.csproj", "{38B3C431-2EDF-4FA4-F374-66CEA0D6E3F2}"
EndProject
Project("{FAE04EC0-301F-11D3-BF4B-00C04F79EFBC}") = "PuzzlePlatformer.CSharp", "PuzzlePlatformer.CSharp.csproj", "{6168EF48-6A6B-66CD-898C-005F09D58134}"
EndProject
Project("{FAE04EC0-301F-11D3-BF4B-00C04F79EFBC}") = "PuzzlePlatformer.CSharp.Editor.Plugins", "PuzzlePlatformer.CSharp.Editor.Plugins.csproj", "{1009E2E8-9ECD-BD31-725E-CF7F66484635}"
EndProject
Global
	GlobalSection(SolutionConfigurationPlatforms) = preSolution
		Debug|Any CPU = Debug|Any CPU
		Release|Any CPU = Release|Any CPU
	EndGlobalSection
	GlobalSection(ProjectConfigurationPlatforms) = postSolution
		{38B3C431-2EDF-4FA4-F374-66CEA0D6E3F2}.Debug|Any CPU.ActiveCfg = Debug|Any CPU
		{38B3C431-2EDF-4FA4-F374-66CEA0D6E3F2}.Debug|Any CPU.Build.0 = Debug|Any CPU
		{38B3C431-2EDF-4FA4-F374-66CEA0D6E3F2}.Release|Any CPU.ActiveCfg = Release|Any CPU
		{38B3C431-2EDF-4FA4-F374-66CEA0D6E3F2}.Release|Any CPU.Build.0 = Release|Any CPU
		{6168EF48-6A6B-66CD-898C-005F09D58134}.Debug|Any CPU.ActiveCfg = Debug|Any CPU
		{6168EF48-6A6B-66CD-898C-005F09D58134}.Debug|Any CPU.Build.0 = Debug|Any CPU
		{6168EF48-6A6B-66CD-898C-005F09D58134}.Release|Any CPU.ActiveCfg = Release|Any CPU
		{6168EF48-6A6B-66CD-898C-005F09D58134}.Release|Any CPU.Build.0 = Release|Any CPU
		{1009E2E8-9ECD-BD31-725E-CF7F66484635}.Debug|Any CPU.ActiveCfg = Debug|Any CPU
		{1009E2E8-9ECD-BD31-725E-CF7F66484635}.Debug|Any CPU.Build.0 = Debug|Any CPU
		{1009E2E8-9ECD-BD31-725E-CF7F66484635}.Release|Any CPU.ActiveCfg = Release|Any CPU
		{1009E2E8-9ECD-BD31-725E-CF7F66484635}.Release|Any CPU.Build.0 = Release|Any CPU
	EndGlobalSection
	GlobalSection(SolutionProperties) = preSolution
		HideSolutionNode = FALSE
	EndGlobalSection
EndGlobal
